Microsoft Visual Studio Solution File, Format Version 12.00
# Visual Studio Version 16
VisualStudioVersion = 16.0.29503.13
MinimumVisualStudioVersion = 10.0.40219.1
Project("{9A19103F-16F7-4668-BE54-9A1E7A4F7556}") = "WebApi", "WebApi\WebApi.csproj", "{166E09BD-2573-4E36-B4BF-1D3352DB2733}"
EndProject
Project("{9A19103F-16F7-4668-BE54-9A1E7A4F7556}") = "Helper", "Helper\Helper.csproj", "{B5109E42-26A4-480E-80ED-44C12BB6024E}"
EndProject
Project("{9A19103F-16F7-4668-BE54-9A1E7A4F7556}") = "IRepository", "IRepository\IRepository.csproj", "{4B54305F-9C1B-49A1-9D5A-67460D642DB6}"
EndProject
Project("{9A19103F-16F7-4668-BE54-9A1E7A4F7556}") = "Models", "Models\Models.csproj", "{7FC21176-9FBC-4F4E-B86A-88C42F61AB08}"
EndProject
Project("{9A19103F-16F7-4668-BE54-9A1E7A4F7556}") = "Repository", "Repository\Repository.csproj", "{8BD60322-5655-4BA0-935D-2ECA78D7FE84}"
EndProject
Project("{9A19103F-16F7-4668-BE54-9A1E7A4F7556}") = "ApiGateway", "ApiGateway\ApiGateway.csproj", "{D3489D69-53C6-4398-AB49-3E2E81C7C1AA}"
EndProject
Project("{9A19103F-16F7-4668-BE54-9A1E7A4F7556}") = "ApiUser", "ApiUser\ApiUser.csproj", "{02748D96-9E67-4DA8-8956-DBC4891601BB}"
EndProject
Project("{9A19103F-16F7-4668-BE54-9A1E7A4F7556}") = "Idsvr4", "Idsvr4\Idsvr4.csproj", "{DAAB7C36-4352-42E7-9D5B-F7BDC84B843E}"
EndProject
Project("{9A19103F-16F7-4668-BE54-9A1E7A4F7556}") = "ApiSms", "ApiSms\ApiSms.csproj", "{933E6FB9-5830-445F-88BE-18F42D57A597}"
EndProject
Project("{9A19103F-16F7-4668-BE54-9A1E7A4F7556}") = "ApiUpFile", "ApiUpFile\ApiUpFile.csproj", "{3524B631-69BD-4718-8F51-ADBE6353479D}"
EndProject
Project("{FAE04EC0-301F-11D3-BF4B-00C04F79EFBC}") = "MSTest", "MSTest\MSTest.csproj", "{10C7E7DA-0566-4CDA-A174-84BB8160C683}"
EndProject
Project("{FAE04EC0-301F-11D3-BF4B-00C04F79EFBC}") = "ApiQuartz", "ApiQuartz\ApiQuartz.csproj", "{33CB9E50-8F92-4865-843C-DCCB5F2DF9C6}"
EndProject
Global
	GlobalSection(SolutionConfigurationPlatforms) = preSolution
		Debug|Any CPU = Debug|Any CPU
		Default|Any CPU = Default|Any CPU
		Release|Any CPU = Release|Any CPU
	EndGlobalSection
	GlobalSection(ProjectConfigurationPlatforms) = postSolution
		{166E09BD-2573-4E36-B4BF-1D3352DB2733}.Debug|Any CPU.ActiveCfg = Debug|Any CPU
		{166E09BD-2573-4E36-B4BF-1D3352DB2733}.Debug|Any CPU.Build.0 = Debug|Any CPU
		{166E09BD-2573-4E36-B4BF-1D3352DB2733}.Default|Any CPU.ActiveCfg = Debug|Any CPU
		{166E09BD-2573-4E36-B4BF-1D3352DB2733}.Default|Any CPU.Build.0 = Debug|Any CPU
		{166E09BD-2573-4E36-B4BF-1D3352DB2733}.Release|Any CPU.ActiveCfg = Release|Any CPU
		{166E09BD-2573-4E36-B4BF-1D3352DB2733}.Release|Any CPU.Build.0 = Release|Any CPU
		{B5109E42-26A4-480E-80ED-44C12BB6024E}.Debug|Any CPU.ActiveCfg = Debug|Any CPU
		{B5109E42-26A4-480E-80ED-44C12BB6024E}.Debug|Any CPU.Build.0 = Debug|Any CPU
		{B5109E42-26A4-480E-80ED-44C12BB6024E}.Default|Any CPU.ActiveCfg = Debug|Any CPU
		{B5109E42-26A4-480E-80ED-44C12BB6024E}.Default|Any CPU.Build.0 = Debug|Any CPU
		{B5109E42-26A4-480E-80ED-44C12BB6024E}.Release|Any CPU.ActiveCfg = Release|Any CPU
		{B5109E42-26A4-480E-80ED-44C12BB6024E}.Release|Any CPU.Build.0 = Release|Any CPU
		{4B54305F-9C1B-49A1-9D5A-67460D642DB6}.Debug|Any CPU.ActiveCfg = Debug|Any CPU
		{4B54305F-9C1B-49A1-9D5A-67460D642DB6}.Debug|Any CPU.Build.0 = Debug|Any CPU
		{4B54305F-9C1B-49A1-9D5A-67460D642DB6}.Default|Any CPU.ActiveCfg = Debug|Any CPU
		{4B54305F-9C1B-49A1-9D5A-67460D642DB6}.Default|Any CPU.Build.0 = Debug|Any CPU
		{4B54305F-9C1B-49A1-9D5A-67460D642DB6}.Release|Any CPU.ActiveCfg = Release|Any CPU
		{4B54305F-9C1B-49A1-9D5A-67460D642DB6}.Release|Any CPU.Build.0 = Release|Any CPU
		{7FC21176-9FBC-4F4E-B86A-88C42F61AB08}.Debug|Any CPU.ActiveCfg = Debug|Any CPU
		{7FC21176-9FBC-4F4E-B86A-88C42F61AB08}.Debug|Any CPU.Build.0 = Debug|Any CPU
		{7FC21176-9FBC-4F4E-B86A-88C42F61AB08}.Default|Any CPU.ActiveCfg = Debug|Any CPU
		{7FC21176-9FBC-4F4E-B86A-88C42F61AB08}.Default|Any CPU.Build.0 = Debug|Any CPU
		{7FC21176-9FBC-4F4E-B86A-88C42F61AB08}.Release|Any CPU.ActiveCfg = Release|Any CPU
		{7FC21176-9FBC-4F4E-B86A-88C42F61AB08}.Release|Any CPU.Build.0 = Release|Any CPU
		{8BD60322-5655-4BA0-935D-2ECA78D7FE84}.Debug|Any CPU.ActiveCfg = Debug|Any CPU
		{8BD60322-5655-4BA0-935D-2ECA78D7FE84}.Debug|Any CPU.Build.0 = Debug|Any CPU
		{8BD60322-5655-4BA0-935D-2ECA78D7FE84}.Default|Any CPU.ActiveCfg = Debug|Any CPU
		{8BD60322-5655-4BA0-935D-2ECA78D7FE84}.Default|Any CPU.Build.0 = Debug|Any CPU
		{8BD60322-5655-4BA0-935D-2ECA78D7FE84}.Release|Any CPU.ActiveCfg = Release|Any CPU
		{8BD60322-5655-4BA0-935D-2ECA78D7FE84}.Release|Any CPU.Build.0 = Release|Any CPU
		{D3489D69-53C6-4398-AB49-3E2E81C7C1AA}.Debug|Any CPU.ActiveCfg = Debug|Any CPU
		{D3489D69-53C6-4398-AB49-3E2E81C7C1AA}.Debug|Any CPU.Build.0 = Debug|Any CPU
		{D3489D69-53C6-4398-AB49-3E2E81C7C1AA}.Default|Any CPU.ActiveCfg = Debug|Any CPU
		{D3489D69-53C6-4398-AB49-3E2E81C7C1AA}.Default|Any CPU.Build.0 = Debug|Any CPU
		{D3489D69-53C6-4398-AB49-3E2E81C7C1AA}.Release|Any CPU.ActiveCfg = Release|Any CPU
		{D3489D69-53C6-4398-AB49-3E2E81C7C1AA}.Release|Any CPU.Build.0 = Release|Any CPU
		{02748D96-9E67-4DA8-8956-DBC4891601BB}.Debug|Any CPU.ActiveCfg = Debug|Any CPU
		{02748D96-9E67-4DA8-8956-DBC4891601BB}.Debug|Any CPU.Build.0 = Debug|Any CPU
		{02748D96-9E67-4DA8-8956-DBC4891601BB}.Default|Any CPU.ActiveCfg = Debug|Any CPU
		{02748D96-9E67-4DA8-8956-DBC4891601BB}.Default|Any CPU.Build.0 = Debug|Any CPU
		{02748D96-9E67-4DA8-8956-DBC4891601BB}.Release|Any CPU.ActiveCfg = Release|Any CPU
		{02748D96-9E67-4DA8-8956-DBC4891601BB}.Release|Any CPU.Build.0 = Release|Any CPU
		{DAAB7C36-4352-42E7-9D5B-F7BDC84B843E}.Debug|Any CPU.ActiveCfg = Debug|Any CPU
		{DAAB7C36-4352-42E7-9D5B-F7BDC84B843E}.Debug|Any CPU.Build.0 = Debug|Any CPU
		{DAAB7C36-4352-42E7-9D5B-F7BDC84B843E}.Default|Any CPU.ActiveCfg = Debug|Any CPU
		{DAAB7C36-4352-42E7-9D5B-F7BDC84B843E}.Default|Any CPU.Build.0 = Debug|Any CPU
		{DAAB7C36-4352-42E7-9D5B-F7BDC84B843E}.Release|Any CPU.ActiveCfg = Release|Any CPU
		{DAAB7C36-4352-42E7-9D5B-F7BDC84B843E}.Release|Any CPU.Build.0 = Release|Any CPU
		{933E6FB9-5830-445F-88BE-18F42D57A597}.Debug|Any CPU.ActiveCfg = Debug|Any CPU
		{933E6FB9-5830-445F-88BE-18F42D57A597}.Debug|Any CPU.Build.0 = Debug|Any CPU
		{933E6FB9-5830-445F-88BE-18F42D57A597}.Default|Any CPU.ActiveCfg = Debug|Any CPU
		{933E6FB9-5830-445F-88BE-18F42D57A597}.Default|Any CPU.Build.0 = Debug|Any CPU
		{933E6FB9-5830-445F-88BE-18F42D57A597}.Release|Any CPU.ActiveCfg = Release|Any CPU
		{933E6FB9-5830-445F-88BE-18F42D57A597}.Release|Any CPU.Build.0 = Release|Any CPU
		{3524B631-69BD-4718-8F51-ADBE6353479D}.Debug|Any CPU.ActiveCfg = Debug|Any CPU
		{3524B631-69BD-4718-8F51-ADBE6353479D}.Debug|Any CPU.Build.0 = Debug|Any CPU
		{3524B631-69BD-4718-8F51-ADBE6353479D}.Default|Any CPU.ActiveCfg = Debug|Any CPU
		{3524B631-69BD-4718-8F51-ADBE6353479D}.Default|Any CPU.Build.0 = Debug|Any CPU
		{3524B631-69BD-4718-8F51-ADBE6353479D}.Release|Any CPU.ActiveCfg = Release|Any CPU
		{3524B631-69BD-4718-8F51-ADBE6353479D}.Release|Any CPU.Build.0 = Release|Any CPU
		{10C7E7DA-0566-4CDA-A174-84BB8160C683}.Debug|Any CPU.ActiveCfg = Debug|Any CPU
		{10C7E7DA-0566-4CDA-A174-84BB8160C683}.Debug|Any CPU.Build.0 = Debug|Any CPU
		{10C7E7DA-0566-4CDA-A174-84BB8160C683}.Default|Any CPU.ActiveCfg = Debug|Any CPU
		{10C7E7DA-0566-4CDA-A174-84BB8160C683}.Default|Any CPU.Build.0 = Debug|Any CPU
		{10C7E7DA-0566-4CDA-A174-84BB8160C683}.Release|Any CPU.ActiveCfg = Release|Any CPU
		{10C7E7DA-0566-4CDA-A174-84BB8160C683}.Release|Any CPU.Build.0 = Release|Any CPU
		{33CB9E50-8F92-4865-843C-DCCB5F2DF9C6}.Debug|Any CPU.ActiveCfg = Debug|Any CPU
		{33CB9E50-8F92-4865-843C-DCCB5F2DF9C6}.Debug|Any CPU.Build.0 = Debug|Any CPU
		{33CB9E50-8F92-4865-843C-DCCB5F2DF9C6}.Default|Any CPU.ActiveCfg = Debug|Any CPU
		{33CB9E50-8F92-4865-843C-DCCB5F2DF9C6}.Default|Any CPU.Build.0 = Debug|Any CPU
		{33CB9E50-8F92-4865-843C-DCCB5F2DF9C6}.Release|Any CPU.ActiveCfg = Release|Any CPU
		{33CB9E50-8F92-4865-843C-DCCB5F2DF9C6}.Release|Any CPU.Build.0 = Release|Any CPU
	EndGlobalSection
	GlobalSection(SolutionProperties) = preSolution
		HideSolutionNode = FALSE
	EndGlobalSection
	GlobalSection(ExtensibilityGlobals) = postSolution
		SolutionGuid = {259368FE-6BC7-447B-8767-F4AEB2093FF5}
	EndGlobalSection
EndGlobal
